{
  "originHash" : "c237123d9a8112a0996c192e2f2868e8cf4e53a01e1ce6a4be1a5a797afe4510",
  "pins" : [
    {
      "identity" : "libdovi",
      "kind" : "remoteSourceControl",
      "location" : "https://github.com/superuser404notfound/LibDovi",
      "state" : {
        "revision" : "bebab0af0e3633b0002fcc7106ea6fc7ceea8277",
        "version" : "1.0.2"
      }
    },
    {
      "identity" : "smbclient",
      "kind" : "remoteSourceControl",
      "location" : "https://github.com/kishikawakatsumi/SMBClient",
      "state" : {
        "revision" : "e636c2b2458930770932a36d311ec9d478575b90",
        "version" : "0.3.1"
      }
    }
  ],
  "version" : 3
}
