{
  "originHash" : "8b56f7bd1a7603f7d18c7fb4d09620f6f858ac3a17cde636eb8d3a888327778d",
  "pins" : [
    {
      "identity" : "libdovi",
      "kind" : "remoteSourceControl",
      "location" : "https://github.com/superuser404notfound/LibDovi",
      "state" : {
        "revision" : "89be93431c2a5f2e54fb77e93059071b8d2ddb3a",
        "version" : "2.0.0"
      }
    },
    {
      "identity" : "smbclient",
      "kind" : "remoteSourceControl",
      "location" : "https://github.com/kishikawakatsumi/SMBClient",
      "state" : {
        "revision" : "e636c2b2458930770932a36d311ec9d478575b90",
        "version" : "0.3.1"
      }
    }
  ],
  "version" : 3
}
